
Microsoft Visual Studio Solution File, Format Version 11.00
# Visual Studio 2010
Project("{FAE04EC0-301F-11D3-BF4B-00C04F79EFBC}") = "fardos30kg_5X8", "fardos30kg_5X8\fardos30kg_5X8.csproj", "{CE249257-F7CB-4607-9C31-75883A5BD2E8}"
EndProject
Global
	GlobalSection(SolutionConfigurationPlatforms) = preSolution
		Debug|x86 = Debug|x86
		Release|x86 = Release|x86
	EndGlobalSection
	GlobalSection(ProjectConfigurationPlatforms) = postSolution
		{CE249257-F7CB-4607-9C31-75883A5BD2E8}.Debug|x86.ActiveCfg = Debug|x86
		{CE249257-F7CB-4607-9C31-75883A5BD2E8}.Debug|x86.Build.0 = Debug|x86
		{CE249257-F7CB-4607-9C31-75883A5BD2E8}.Release|x86.ActiveCfg = Release|x86
		{CE249257-F7CB-4607-9C31-75883A5BD2E8}.Release|x86.Build.0 = Release|x86
	EndGlobalSection
	GlobalSection(SolutionProperties) = preSolution
		HideSolutionNode = FALSE
	EndGlobalSection
EndGlobal
